# This file was autogenerated by Stack.
# You should not edit this file by hand.
# For more information, please see the documentation at:
#   https://docs.haskellstack.org/en/stable/lock_files

packages:
- completed:
    hackage: random-1.2.1.1@sha256:e7c1f881159d5cc788619c9ee8b8f340ba2ff0db571cdf3d1a1968ebc5108789,6777
    pantry-tree:
      sha256: adc460de1e12074b8fb5634330089e11aeeac02b02716ba15b9f4de6fa1de425
      size: 1528
  original:
    hackage: random-1.2.1.1
- completed:
    hackage: matplotlib-0.7.7@sha256:b2de33be5af03133e312dafa3cee7ad23b85e312a8623ec9ef3700e601f75391,2106
    pantry-tree:
      sha256: f9818f6cb5bd4d7ee1c9e5867f20ecd16abfdc0274c91b3279ac36ce93213e78
      size: 461
  original:
    hackage: matplotlib-0.7.7
snapshots:
- completed:
    sha256: 8809197159ce65ec2d66f91982e4844ad0c2cbd1126df42146dd103c0ea6cac0
    size: 640063
    url: https://raw.githubusercontent.com/commercialhaskell/stackage-snapshots/master/lts/21/23.yaml
  original:
    url: https://raw.githubusercontent.com/commercialhaskell/stackage-snapshots/master/lts/21/23.yaml
